
Microsoft Visual Studio Solution File, Format Version 12.00
# Visual Studio 2013
VisualStudioVersion = 12.0.31101.0
MinimumVisualStudioVersion = 10.0.40219.1
Project("{FAE04EC0-301F-11D3-BF4B-00C04F79EFBC}") = "WordCountMR", "WordCountMR\WordCountMR.csproj", "{3EEE1BCD-5B47-40C0-9E16-FAC033909E77}"
EndProject
Project("{FAE04EC0-301F-11D3-BF4B-00C04F79EFBC}") = "WordCountMRDriver", "WordCountMRDriver\WordCountMRDriver.csproj", "{3F688286-EE41-4886-87E6-F66EEF918089}"
EndProject
Global
	GlobalSection(SolutionConfigurationPlatforms) = preSolution
		Debug|Any CPU = Debug|Any CPU
		Release|Any CPU = Release|Any CPU
	EndGlobalSection
	GlobalSection(ProjectConfigurationPlatforms) = postSolution
		{3EEE1BCD-5B47-40C0-9E16-FAC033909E77}.Debug|Any CPU.ActiveCfg = Debug|Any CPU
		{3EEE1BCD-5B47-40C0-9E16-FAC033909E77}.Debug|Any CPU.Build.0 = Debug|Any CPU
		{3EEE1BCD-5B47-40C0-9E16-FAC033909E77}.Release|Any CPU.ActiveCfg = Release|Any CPU
		{3EEE1BCD-5B47-40C0-9E16-FAC033909E77}.Release|Any CPU.Build.0 = Release|Any CPU
		{3F688286-EE41-4886-87E6-F66EEF918089}.Debug|Any CPU.ActiveCfg = Debug|Any CPU
		{3F688286-EE41-4886-87E6-F66EEF918089}.Debug|Any CPU.Build.0 = Debug|Any CPU
		{3F688286-EE41-4886-87E6-F66EEF918089}.Release|Any CPU.ActiveCfg = Release|Any CPU
		{3F688286-EE41-4886-87E6-F66EEF918089}.Release|Any CPU.Build.0 = Release|Any CPU
	EndGlobalSection
	GlobalSection(SolutionProperties) = preSolution
		HideSolutionNode = FALSE
	EndGlobalSection
EndGlobal
